
Microsoft Visual Studio Solution File, Format Version 12.00
# Visual Studio Version 16
VisualStudioVersion = 16.0.31424.327
MinimumVisualStudioVersion = 10.0.40219.1
Project("{FAE04EC0-301F-11D3-BF4B-00C04F79EFBC}") = "Recurs2", "Recurs2.csproj", "{F06323F2-D6E2-4B81-BF72-9431AEA26DAD}"
EndProject
Global
	GlobalSection(SolutionConfigurationPlatforms) = preSolution
		Debug|Any CPU = Debug|Any CPU
		Release|Any CPU = Release|Any CPU
	EndGlobalSection
	GlobalSection(ProjectConfigurationPlatforms) = postSolution
		{F06323F2-D6E2-4B81-BF72-9431AEA26DAD}.Debug|Any CPU.ActiveCfg = Debug|Any CPU
		{F06323F2-D6E2-4B81-BF72-9431AEA26DAD}.Debug|Any CPU.Build.0 = Debug|Any CPU
		{F06323F2-D6E2-4B81-BF72-9431AEA26DAD}.Release|Any CPU.ActiveCfg = Release|Any CPU
		{F06323F2-D6E2-4B81-BF72-9431AEA26DAD}.Release|Any CPU.Build.0 = Release|Any CPU
	EndGlobalSection
	GlobalSection(SolutionProperties) = preSolution
		HideSolutionNode = FALSE
	EndGlobalSection
	GlobalSection(ExtensibilityGlobals) = postSolution
		SolutionGuid = {C64843A4-EF3D-4916-A884-75DAD9166AEF}
	EndGlobalSection
EndGlobal
